
Microsoft Visual Studio Solution File, Format Version 12.00
# Visual Studio Version 16
VisualStudioVersion = 16.0.30517.126
MinimumVisualStudioVersion = 10.0.40219.1
Project("{FAE04EC0-301F-11D3-BF4B-00C04F79EFBC}") = "VideoManagement", "VideoManagement\VideoManagement.csproj", "{F651F4D2-BA6C-4B79-BC50-A0060BFF6B60}"
EndProject
Global
	GlobalSection(SolutionConfigurationPlatforms) = preSolution
		Debug|Any CPU = Debug|Any CPU
		Release|Any CPU = Release|Any CPU
	EndGlobalSection
	GlobalSection(ProjectConfigurationPlatforms) = postSolution
		{F651F4D2-BA6C-4B79-BC50-A0060BFF6B60}.Debug|Any CPU.ActiveCfg = Debug|Any CPU
		{F651F4D2-BA6C-4B79-BC50-A0060BFF6B60}.Debug|Any CPU.Build.0 = Debug|Any CPU
		{F651F4D2-BA6C-4B79-BC50-A0060BFF6B60}.Release|Any CPU.ActiveCfg = Release|Any CPU
		{F651F4D2-BA6C-4B79-BC50-A0060BFF6B60}.Release|Any CPU.Build.0 = Release|Any CPU
	EndGlobalSection
	GlobalSection(SolutionProperties) = preSolution
		HideSolutionNode = FALSE
	EndGlobalSection
	GlobalSection(ExtensibilityGlobals) = postSolution
		SolutionGuid = {204588B5-6E70-43AD-9DCE-6CA00822F9F2}
	EndGlobalSection
EndGlobal
